Microsoft Visual Studio Solution File, Format Version 12.00
# Visual Studio Version 17
VisualStudioVersion = 17.5.2.0
MinimumVisualStudioVersion = 10.0.40219.1
Project("{FAE04EC0-301F-11D3-BF4B-00C04F79EFBC}") = "frame-fisher", "frame-fisher\frame-fisher.csproj", "{CC03B4E9-8C07-888B-45E8-400A5AC3BC90}"
EndProject
Global
	GlobalSection(SolutionConfigurationPlatforms) = preSolution
		Debug|Any CPU = Debug|Any CPU
		Release|Any CPU = Release|Any CPU
	EndGlobalSection
	GlobalSection(ProjectConfigurationPlatforms) = postSolution
		{CC03B4E9-8C07-888B-45E8-400A5AC3BC90}.Debug|Any CPU.ActiveCfg = Debug|Any CPU
		{CC03B4E9-8C07-888B-45E8-400A5AC3BC90}.Debug|Any CPU.Build.0 = Debug|Any CPU
		{CC03B4E9-8C07-888B-45E8-400A5AC3BC90}.Release|Any CPU.ActiveCfg = Release|Any CPU
		{CC03B4E9-8C07-888B-45E8-400A5AC3BC90}.Release|Any CPU.Build.0 = Release|Any CPU
	EndGlobalSection
	GlobalSection(SolutionProperties) = preSolution
		HideSolutionNode = FALSE
	EndGlobalSection
	GlobalSection(ExtensibilityGlobals) = postSolution
		SolutionGuid = {D59179B0-825F-471C-AA6A-3DBD7C913DA5}
	EndGlobalSection
EndGlobal
